{
  "version": 4,
  "terraform_version": "1.4.4",
  "serial": 8,
  "lineage": "df58a856-a93e-0789-52e3-461fb97f2c3b",
  "outputs": {},
  "resources": [
    {
      "mode": "managed",
      "type": "mongodbatlas_cluster",
      "name": "test2",
      "provider": "provider[\"registry.terraform.io/mongodb/mongodbatlas\"]",
      "instances": [
        {
          "schema_version": 1,
          "attributes": {
            "advanced_configuration": [
              {
                "default_read_concern": "",
                "default_write_concern": "",
                "fail_index_key_too_long": false,
                "javascript_enabled": true,
                "minimum_enabled_tls_protocol": "TLS1_2",
                "no_table_scan": false,
                "oplog_min_retention_hours": 0,
                "oplog_size_mb": 0,
                "sample_refresh_interval_bi_connector": 0,
                "sample_size_bi_connector": 0
              }
            ],
            "auto_scaling_compute_enabled": false,
            "auto_scaling_compute_scale_down_enabled": false,
            "auto_scaling_disk_gb_enabled": true,
            "backing_provider_name": "AWS",
            "backup_enabled": false,
            "bi_connector": null,
            "bi_connector_config": [
              {
                "enabled": false,
                "read_preference": "secondary"
              }
            ],
            "cloud_backup": false,
            "cluster_id": "642ce4fc7cb8b1054410c903",
            "cluster_type": "REPLICASET",
            "connection_strings": [
              {
                "aws_private_link": {},
                "aws_private_link_srv": {},
                "private": "",
                "private_endpoint": [],
                "private_srv": "",
                "standard": "mongodb://ac-inkjwcq-shard-00-00.dglkns0.mongodb.net:27017,ac-inkjwcq-shard-00-01.dglkns0.mongodb.net:27017,ac-inkjwcq-shard-00-02.dglkns0.mongodb.net:27017/?ssl=true\u0026authSource=admin\u0026replicaSet=atlas-chsrlt-shard-0",
                "standard_srv": "mongodb+srv://cluster-test.dglkns0.mongodb.net"
              }
            ],
            "container_id": null,
            "disk_size_gb": 0.5,
            "encryption_at_rest_provider": "NONE",
            "id": "Y2x1c3Rlcl9pZA==:NjQyY2U0ZmM3Y2I4YjEwNTQ0MTBjOTAz-Y2x1c3Rlcl9uYW1l:Y2x1c3Rlci10ZXN0-cHJvamVjdF9pZA==:NjQyY2JkMDA2MjJlOWEyNWFiMDM2NGZl-cHJvdmlkZXJfbmFtZQ==:VEVOQU5U",
            "labels": [],
            "mongo_db_major_version": "5.0",
            "mongo_db_version": "5.0.15",
            "mongo_uri": "mongodb://ac-inkjwcq-shard-00-00.dglkns0.mongodb.net:27017,ac-inkjwcq-shard-00-01.dglkns0.mongodb.net:27017,ac-inkjwcq-shard-00-02.dglkns0.mongodb.net:27017",
            "mongo_uri_updated": "2023-04-05T03:04:05Z",
            "mongo_uri_with_options": "mongodb://ac-inkjwcq-shard-00-00.dglkns0.mongodb.net:27017,ac-inkjwcq-shard-00-01.dglkns0.mongodb.net:27017,ac-inkjwcq-shard-00-02.dglkns0.mongodb.net:27017/?ssl=true\u0026authSource=admin\u0026replicaSet=atlas-chsrlt-shard-0",
            "name": "cluster-test",
            "num_shards": 1,
            "paused": false,
            "pit_enabled": false,
            "project_id": "642cbd00622e9a25ab0364fe",
            "provider_auto_scaling_compute_max_instance_size": "",
            "provider_auto_scaling_compute_min_instance_size": "",
            "provider_backup_enabled": false,
            "provider_disk_iops": null,
            "provider_disk_type_name": "",
            "provider_encrypt_ebs_volume": null,
            "provider_encrypt_ebs_volume_flag": null,
            "provider_instance_size_name": "M0",
            "provider_name": "TENANT",
            "provider_region_name": "US_EAST_1",
            "provider_volume_type": "",
            "replication_factor": 3,
            "replication_specs": [
              {
                "id": "642ce4fc7cb8b1054410c8fa",
                "num_shards": 1,
                "regions_config": [
                  {
                    "analytics_nodes": 0,
                    "electable_nodes": 3,
                    "priority": 7,
                    "read_only_nodes": 0,
                    "region_name": "US_EAST_1"
                  }
                ],
                "zone_name": "Zone 1"
              }
            ],
            "snapshot_backup_policy": [],
            "srv_address": "mongodb+srv://cluster-test.dglkns0.mongodb.net",
            "state_name": "IDLE",
            "termination_protection_enabled": false,
            "timeouts": null,
            "version_release_system": "LTS"
          },
          "sensitive_attributes": [],
          "private": "eyJlMmJmYjczMC1lY2FhLTExZTYtOGY4OC0zNDM2M2JjN2M0YzAiOnsiY3JlYXRlIjoxMDgwMDAwMDAwMDAwMCwiZGVsZXRlIjoxMDgwMDAwMDAwMDAwMCwidXBkYXRlIjoxMDgwMDAwMDAwMDAwMH0sInNjaGVtYV92ZXJzaW9uIjoiMSJ9"
        }
      ]
    },
    {
      "mode": "managed",
      "type": "mongodbatlas_project_ip_access_list",
      "name": "test",
      "provider": "provider[\"registry.terraform.io/mongodb/mongodbatlas\"]",
      "instances": [
        {
          "schema_version": 0,
          "attributes": {
            "aws_security_group": "",
            "cidr_block": "1.2.3.4/32",
            "comment": "cidr block for tf acc testing",
            "id": "ZW50cnk=:MS4yLjMuNA==-cHJvamVjdF9pZA==:NjQyY2JkMDA2MjJlOWEyNWFiMDM2NGZl",
            "ip_address": "1.2.3.4",
            "project_id": "642cbd00622e9a25ab0364fe",
            "timeouts": null
          },
          "sensitive_attributes": [],
          "private": "eyJlMmJmYjczMC1lY2FhLTExZTYtOGY4OC0zNDM2M2JjN2M0YzAiOnsiZGVsZXRlIjoyNzAwMDAwMDAwMDAwLCJyZWFkIjoyNzAwMDAwMDAwMDAwfX0="
        }
      ]
    }
  ],
  "check_results": null
}
